
Microsoft Visual Studio Solution File, Format Version 12.00
# Visual Studio Version 17
VisualStudioVersion = 17.13.35919.96 d17.13
MinimumVisualStudioVersion = 10.0.40219.1
Project("{FAE04EC0-301F-11D3-BF4B-00C04F79EFBC}") = "LibraryManagementSystem", "LibraryManagementSystem\LibraryManagementSystem.csproj", "{841C7E0E-5CF0-47B3-B26B-095238965843}"
EndProject
Project("{FAE04EC0-301F-11D3-BF4B-00C04F79EFBC}") = "LMS-BL", "LMS-BL\LMS-BL.csproj", "{4D3A7F07-8AFA-4C10-A9D7-6CA49FB99585}"
EndProject
Project("{FAE04EC0-301F-11D3-BF4B-00C04F79EFBC}") = "LMS-UnitTests", "LMS-UnitTests\LMS-UnitTests.csproj", "{1365FA92-B106-4452-9D9C-6C600687AFA3}"
EndProject
Global
	GlobalSection(SolutionConfigurationPlatforms) = preSolution
		Debug|Any CPU = Debug|Any CPU
		Release|Any CPU = Release|Any CPU
	EndGlobalSection
	GlobalSection(ProjectConfigurationPlatforms) = postSolution
		{841C7E0E-5CF0-47B3-B26B-095238965843}.Debug|Any CPU.ActiveCfg = Debug|Any CPU
		{841C7E0E-5CF0-47B3-B26B-095238965843}.Debug|Any CPU.Build.0 = Debug|Any CPU
		{841C7E0E-5CF0-47B3-B26B-095238965843}.Release|Any CPU.ActiveCfg = Release|Any CPU
		{841C7E0E-5CF0-47B3-B26B-095238965843}.Release|Any CPU.Build.0 = Release|Any CPU
		{4D3A7F07-8AFA-4C10-A9D7-6CA49FB99585}.Debug|Any CPU.ActiveCfg = Debug|Any CPU
		{4D3A7F07-8AFA-4C10-A9D7-6CA49FB99585}.Debug|Any CPU.Build.0 = Debug|Any CPU
		{4D3A7F07-8AFA-4C10-A9D7-6CA49FB99585}.Release|Any CPU.ActiveCfg = Release|Any CPU
		{4D3A7F07-8AFA-4C10-A9D7-6CA49FB99585}.Release|Any CPU.Build.0 = Release|Any CPU
		{1365FA92-B106-4452-9D9C-6C600687AFA3}.Debug|Any CPU.ActiveCfg = Debug|Any CPU
		{1365FA92-B106-4452-9D9C-6C600687AFA3}.Debug|Any CPU.Build.0 = Debug|Any CPU
		{1365FA92-B106-4452-9D9C-6C600687AFA3}.Release|Any CPU.ActiveCfg = Release|Any CPU
		{1365FA92-B106-4452-9D9C-6C600687AFA3}.Release|Any CPU.Build.0 = Release|Any CPU
	EndGlobalSection
	GlobalSection(SolutionProperties) = preSolution
		HideSolutionNode = FALSE
	EndGlobalSection
	GlobalSection(ExtensibilityGlobals) = postSolution
		SolutionGuid = {50EF91CC-5ED7-4025-8907-C333410763FA}
	EndGlobalSection
EndGlobal
