
Microsoft Visual Studio Solution File, Format Version 12.00
# Visual Studio Version 17
VisualStudioVersion = 17.11.35222.181
MinimumVisualStudioVersion = 10.0.40219.1
Project("{FAE04EC0-301F-11D3-BF4B-00C04F79EFBC}") = "WorkshopSelector2", "WorkshopSelector2\WorkshopSelector2.csproj", "{9175E19A-E2BC-4C8A-AD6C-0C5F8604C89E}"
EndProject
Global
	GlobalSection(SolutionConfigurationPlatforms) = preSolution
		Debug|Any CPU = Debug|Any CPU
		Release|Any CPU = Release|Any CPU
	EndGlobalSection
	GlobalSection(ProjectConfigurationPlatforms) = postSolution
		{9175E19A-E2BC-4C8A-AD6C-0C5F8604C89E}.Debug|Any CPU.ActiveCfg = Debug|Any CPU
		{9175E19A-E2BC-4C8A-AD6C-0C5F8604C89E}.Debug|Any CPU.Build.0 = Debug|Any CPU
		{9175E19A-E2BC-4C8A-AD6C-0C5F8604C89E}.Release|Any CPU.ActiveCfg = Release|Any CPU
		{9175E19A-E2BC-4C8A-AD6C-0C5F8604C89E}.Release|Any CPU.Build.0 = Release|Any CPU
	EndGlobalSection
	GlobalSection(SolutionProperties) = preSolution
		HideSolutionNode = FALSE
	EndGlobalSection
	GlobalSection(ExtensibilityGlobals) = postSolution
		SolutionGuid = {A4AA1C09-37BE-476D-8207-22C16CE8B875}
	EndGlobalSection
EndGlobal
